{
  "name": "npm",
  "version": "1.0.0",
  "lockfileVersion": 1,
  "requires": true,
  "dependencies": {
    "@types/crypto-js": {
      "version": "4.1.1",
      "resolved": "https://registry.npmjs.org/@types/crypto-js/-/crypto-js-4.1.1.tgz",
      "integrity": "sha512-BG7fQKZ689HIoc5h+6D2Dgq1fABRa0RbBWKBd9SP/MVRVXROflpm5fhwyATX5duFmbStzyzyycPB8qUYKDH3NA==",
      "dev": true
    },
    "crypto-js": {
      "version": "4.1.1",
      "resolved": "https://registry.npmjs.org/crypto-js/-/crypto-js-4.1.1.tgz",
      "integrity": "sha512-o2JlM7ydqd3Qk9CA0L4NL6mTzU2sdx96a+oOfPu8Mkl/PK51vSyoi8/rQ8NknZtk44vq15lmhAj9CIAGwgeWKw=="
    },
    "typescript": {
      "version": "4.6.3",
      "resolved": "https://registry.npmjs.org/typescript/-/typescript-4.6.3.tgz",
      "integrity": "sha512-yNIatDa5iaofVozS/uQJEl3JRWLKKGJKh6Yaiv0GLGSuhpFJe7P3SbHZ8/yjAHRQwKRoA6YZqlfjXWmVzoVSMw=="
    }
  }
}
